{
  "name": "js-exercises",
  "lockfileVersion": 2,
  "requires": true,
  "packages": {
    "": {
      "dependencies": {
        "big-o-calculator": "^0.0.3"
      }
    },
    "node_modules/axios": {
      "version": "0.21.1",
      "resolved": "https://registry.npmjs.org/axios/-/axios-0.21.1.tgz",
      "integrity": "sha512-dKQiRHxGD9PPRIUNIWvZhPTPpl1rf/OxTYKsqKUDjBwYylTvV7SjSHJb9ratfyzM6wCdLCOYLzs73qpg5c4iGA==",
      "optional": true,
      "dependencies": {
        "follow-redirects": "^1.10.0"
      }
    },
    "node_modules/big-o-calculator": {
      "version": "0.0.3",
      "resolved": "https://registry.npmjs.org/big-o-calculator/-/big-o-calculator-0.0.3.tgz",
      "integrity": "sha512-CAHh0QfMFV2bNRY588XRmYHcbzsb9UrTf8matAB4mEYxQ97/PDoUu5nTps9X74AuMSDRnB5e8uWvaxnNBwNuqQ==",
      "dependencies": {
        "tslib": "^2.2.0"
      },
      "optionalDependencies": {
        "axios": "^0.21.1"
      }
    },
    "node_modules/follow-redirects": {
      "version": "1.14.1",
      "resolved": "https://registry.npmjs.org/follow-redirects/-/follow-redirects-1.14.1.tgz",
      "integrity": "sha512-HWqDgT7ZEkqRzBvc2s64vSZ/hfOceEol3ac/7tKwzuvEyWx3/4UegXh5oBOIotkGsObyk3xznnSRVADBgWSQVg==",
      "funding": [
        {
          "type": "individual",
          "url": "https://github.com/sponsors/RubenVerborgh"
        }
      ],
      "optional": true,
      "engines": {
        "node": ">=4.0"
      },
      "peerDependenciesMeta": {
        "debug": {
          "optional": true
        }
      }
    },
    "node_modules/tslib": {
      "version": "2.2.0",
      "resolved": "https://registry.npmjs.org/tslib/-/tslib-2.2.0.tgz",
      "integrity": "sha512-gS9GVHRU+RGn5KQM2rllAlR3dU6m7AcpJKdtH8gFvQiC4Otgk98XnmMU+nZenHt/+VhnBPWwgrJsyrdcw6i23w=="
    }
  },
  "dependencies": {
    "axios": {
      "version": "0.21.1",
      "resolved": "https://registry.npmjs.org/axios/-/axios-0.21.1.tgz",
      "integrity": "sha512-dKQiRHxGD9PPRIUNIWvZhPTPpl1rf/OxTYKsqKUDjBwYylTvV7SjSHJb9ratfyzM6wCdLCOYLzs73qpg5c4iGA==",
      "optional": true,
      "requires": {
        "follow-redirects": "^1.10.0"
      }
    },
    "big-o-calculator": {
      "version": "0.0.3",
      "resolved": "https://registry.npmjs.org/big-o-calculator/-/big-o-calculator-0.0.3.tgz",
      "integrity": "sha512-CAHh0QfMFV2bNRY588XRmYHcbzsb9UrTf8matAB4mEYxQ97/PDoUu5nTps9X74AuMSDRnB5e8uWvaxnNBwNuqQ==",
      "requires": {
        "axios": "^0.21.1",
        "tslib": "^2.2.0"
      }
    },
    "follow-redirects": {
      "version": "1.14.1",
      "resolved": "https://registry.npmjs.org/follow-redirects/-/follow-redirects-1.14.1.tgz",
      "integrity": "sha512-HWqDgT7ZEkqRzBvc2s64vSZ/hfOceEol3ac/7tKwzuvEyWx3/4UegXh5oBOIotkGsObyk3xznnSRVADBgWSQVg==",
      "optional": true
    },
    "tslib": {
      "version": "2.2.0",
      "resolved": "https://registry.npmjs.org/tslib/-/tslib-2.2.0.tgz",
      "integrity": "sha512-gS9GVHRU+RGn5KQM2rllAlR3dU6m7AcpJKdtH8gFvQiC4Otgk98XnmMU+nZenHt/+VhnBPWwgrJsyrdcw6i23w=="
    }
  }
}
